
Microsoft Visual Studio Solution File, Format Version 12.00
# Visual Studio Version 17
VisualStudioVersion = 17.6.33815.320
MinimumVisualStudioVersion = 10.0.40219.1
Project("{9A19103F-16F7-4668-BE54-9A1E7A4F7556}") = "Entities", "Entities\Entities.csproj", "{4350A941-28A9-4178-AF62-9C40CD02210B}"
EndProject
Project("{9A19103F-16F7-4668-BE54-9A1E7A4F7556}") = "DataAccess", "DataAccess\DataAccess.csproj", "{ABF81A16-94F5-4AF1-AEEE-0A07215E012E}"
EndProject
Project("{9A19103F-16F7-4668-BE54-9A1E7A4F7556}") = "Business", "Business\Business.csproj", "{BA659A01-333D-47C1-AF52-E53407841295}"
EndProject
Project("{9A19103F-16F7-4668-BE54-9A1E7A4F7556}") = "ConsoleUI", "ConsoleUI\ConsoleUI.csproj", "{3899E18B-0DDB-48D8-ABC7-AF988B57718E}"
EndProject
Project("{9A19103F-16F7-4668-BE54-9A1E7A4F7556}") = "Core", "Core\Core.csproj", "{6120EB62-4E78-40A4-915B-B0F88C1B2C41}"
EndProject
Project("{FAE04EC0-301F-11D3-BF4B-00C04F79EFBC}") = "WebAPI", "WebAPI\WebAPI.csproj", "{0FA64FA9-238D-4651-AD35-C9B50318E526}"
EndProject
Global
	GlobalSection(SolutionConfigurationPlatforms) = preSolution
		Debug|Any CPU = Debug|Any CPU
		Release|Any CPU = Release|Any CPU
	EndGlobalSection
	GlobalSection(ProjectConfigurationPlatforms) = postSolution
		{4350A941-28A9-4178-AF62-9C40CD02210B}.Debug|Any CPU.ActiveCfg = Debug|Any CPU
		{4350A941-28A9-4178-AF62-9C40CD02210B}.Debug|Any CPU.Build.0 = Debug|Any CPU
		{4350A941-28A9-4178-AF62-9C40CD02210B}.Release|Any CPU.ActiveCfg = Release|Any CPU
		{4350A941-28A9-4178-AF62-9C40CD02210B}.Release|Any CPU.Build.0 = Release|Any CPU
		{ABF81A16-94F5-4AF1-AEEE-0A07215E012E}.Debug|Any CPU.ActiveCfg = Debug|Any CPU
		{ABF81A16-94F5-4AF1-AEEE-0A07215E012E}.Debug|Any CPU.Build.0 = Debug|Any CPU
		{ABF81A16-94F5-4AF1-AEEE-0A07215E012E}.Release|Any CPU.ActiveCfg = Release|Any CPU
		{ABF81A16-94F5-4AF1-AEEE-0A07215E012E}.Release|Any CPU.Build.0 = Release|Any CPU
		{BA659A01-333D-47C1-AF52-E53407841295}.Debug|Any CPU.ActiveCfg = Debug|Any CPU
		{BA659A01-333D-47C1-AF52-E53407841295}.Debug|Any CPU.Build.0 = Debug|Any CPU
		{BA659A01-333D-47C1-AF52-E53407841295}.Release|Any CPU.ActiveCfg = Release|Any CPU
		{BA659A01-333D-47C1-AF52-E53407841295}.Release|Any CPU.Build.0 = Release|Any CPU
		{3899E18B-0DDB-48D8-ABC7-AF988B57718E}.Debug|Any CPU.ActiveCfg = Debug|Any CPU
		{3899E18B-0DDB-48D8-ABC7-AF988B57718E}.Debug|Any CPU.Build.0 = Debug|Any CPU
		{3899E18B-0DDB-48D8-ABC7-AF988B57718E}.Release|Any CPU.ActiveCfg = Release|Any CPU
		{3899E18B-0DDB-48D8-ABC7-AF988B57718E}.Release|Any CPU.Build.0 = Release|Any CPU
		{6120EB62-4E78-40A4-915B-B0F88C1B2C41}.Debug|Any CPU.ActiveCfg = Debug|Any CPU
		{6120EB62-4E78-40A4-915B-B0F88C1B2C41}.Debug|Any CPU.Build.0 = Debug|Any CPU
		{6120EB62-4E78-40A4-915B-B0F88C1B2C41}.Release|Any CPU.ActiveCfg = Release|Any CPU
		{6120EB62-4E78-40A4-915B-B0F88C1B2C41}.Release|Any CPU.Build.0 = Release|Any CPU
		{0FA64FA9-238D-4651-AD35-C9B50318E526}.Debug|Any CPU.ActiveCfg = Debug|Any CPU
		{0FA64FA9-238D-4651-AD35-C9B50318E526}.Debug|Any CPU.Build.0 = Debug|Any CPU
		{0FA64FA9-238D-4651-AD35-C9B50318E526}.Release|Any CPU.ActiveCfg = Release|Any CPU
		{0FA64FA9-238D-4651-AD35-C9B50318E526}.Release|Any CPU.Build.0 = Release|Any CPU
	EndGlobalSection
	GlobalSection(SolutionProperties) = preSolution
		HideSolutionNode = FALSE
	EndGlobalSection
	GlobalSection(ExtensibilityGlobals) = postSolution
		SolutionGuid = {1A83737A-D01D-4582-AD7B-DB97FA82DEC8}
	EndGlobalSection
EndGlobal
